PODS:
  - Flutter (1.0.0)
  - flutter_image_gallery_saver (0.0.1):
    - Flutter
  - integration_test (0.0.1):
    - Flutter
  - objective_c (0.0.1):
    - Flutter

DEPENDENCIES:
  - Flutter (from `Flutter`)
  - flutter_image_gallery_saver (from `.symlinks/plugins/flutter_image_gallery_saver/ios`)
  - integration_test (from `.symlinks/plugins/integration_test/ios`)
  - objective_c (from `.symlinks/plugins/objective_c/ios`)

EXTERNAL SOURCES:
  Flutter:
    :path: Flutter
  flutter_image_gallery_saver:
    :path: ".symlinks/plugins/flutter_image_gallery_saver/ios"
  integration_test:
    :path: ".symlinks/plugins/integration_test/ios"
  objective_c:
    :path: ".symlinks/plugins/objective_c/ios"

SPEC CHECKSUMS:
  Flutter: cabc95a1d2626b1b06e7179b784ebcf0c0cde467
  flutter_image_gallery_saver: f356b5f265ba4e36f38b2fe96d0468e0712a6b37
  integration_test: 252f60fa39af5e17c3aa9899d35d908a0721b573
  objective_c: 77e887b5ba1827970907e10e832eec1683f3431d

PODFILE CHECKSUM: 4f1c12611da7338d21589c0b2ecd6bd20b109694

COCOAPODS: 1.16.2
